
Microsoft Visual Studio Solution File, Format Version 12.00
# Visual Studio Version 17
VisualStudioVersion = 17.11.35327.3
MinimumVisualStudioVersion = 10.0.40219.1
Project("{FAE04EC0-301F-11D3-BF4B-00C04F79EFBC}") = "DirectDBAccess", "DirectDBAccess\DirectDBAccess.csproj", "{9F4AEDCF-BD35-4643-916A-8B11BF64BBC6}"
EndProject
Project("{FAE04EC0-301F-11D3-BF4B-00C04F79EFBC}") = "UnitTest", "UnitTest\UnitTest.csproj", "{D174FB26-0474-4004-B985-C445660D0D5C}"
EndProject
Global
	GlobalSection(SolutionConfigurationPlatforms) = preSolution
		Debug|Any CPU = Debug|Any CPU
		Release|Any CPU = Release|Any CPU
	EndGlobalSection
	GlobalSection(ProjectConfigurationPlatforms) = postSolution
		{9F4AEDCF-BD35-4643-916A-8B11BF64BBC6}.Debug|Any CPU.ActiveCfg = Debug|Any CPU
		{9F4AEDCF-BD35-4643-916A-8B11BF64BBC6}.Debug|Any CPU.Build.0 = Debug|Any CPU
		{9F4AEDCF-BD35-4643-916A-8B11BF64BBC6}.Release|Any CPU.ActiveCfg = Release|Any CPU
		{9F4AEDCF-BD35-4643-916A-8B11BF64BBC6}.Release|Any CPU.Build.0 = Release|Any CPU
		{D174FB26-0474-4004-B985-C445660D0D5C}.Debug|Any CPU.ActiveCfg = Debug|Any CPU
		{D174FB26-0474-4004-B985-C445660D0D5C}.Debug|Any CPU.Build.0 = Debug|Any CPU
		{D174FB26-0474-4004-B985-C445660D0D5C}.Release|Any CPU.ActiveCfg = Release|Any CPU
		{D174FB26-0474-4004-B985-C445660D0D5C}.Release|Any CPU.Build.0 = Release|Any CPU
	EndGlobalSection
	GlobalSection(SolutionProperties) = preSolution
		HideSolutionNode = FALSE
	EndGlobalSection
	GlobalSection(ExtensibilityGlobals) = postSolution
		SolutionGuid = {8C905911-55CF-4988-AFAB-A8AB469F1200}
	EndGlobalSection
EndGlobal
